
Microsoft Visual Studio Solution File, Format Version 12.00
# Visual Studio Version 17
VisualStudioVersion = 17.6.33815.320
MinimumVisualStudioVersion = 10.0.40219.1
Project("{FAE04EC0-301F-11D3-BF4B-00C04F79EFBC}") = "LoginLib", "LoginLib\LoginLib.csproj", "{46EE5E9D-7B8A-408D-8322-BB19127EDBBE}"
EndProject
Project("{FAE04EC0-301F-11D3-BF4B-00C04F79EFBC}") = "SpecFlowProject1", "SpecFlowProject1\SpecFlowProject1.csproj", "{718EC227-65B2-4713-BEB2-75201F5E573D}"
EndProject
Global
	GlobalSection(SolutionConfigurationPlatforms) = preSolution
		Debug|Any CPU = Debug|Any CPU
		Release|Any CPU = Release|Any CPU
	EndGlobalSection
	GlobalSection(ProjectConfigurationPlatforms) = postSolution
		{46EE5E9D-7B8A-408D-8322-BB19127EDBBE}.Debug|Any CPU.ActiveCfg = Debug|Any CPU
		{46EE5E9D-7B8A-408D-8322-BB19127EDBBE}.Debug|Any CPU.Build.0 = Debug|Any CPU
		{46EE5E9D-7B8A-408D-8322-BB19127EDBBE}.Release|Any CPU.ActiveCfg = Release|Any CPU
		{46EE5E9D-7B8A-408D-8322-BB19127EDBBE}.Release|Any CPU.Build.0 = Release|Any CPU
		{718EC227-65B2-4713-BEB2-75201F5E573D}.Debug|Any CPU.ActiveCfg = Debug|Any CPU
		{718EC227-65B2-4713-BEB2-75201F5E573D}.Debug|Any CPU.Build.0 = Debug|Any CPU
		{718EC227-65B2-4713-BEB2-75201F5E573D}.Release|Any CPU.ActiveCfg = Release|Any CPU
		{718EC227-65B2-4713-BEB2-75201F5E573D}.Release|Any CPU.Build.0 = Release|Any CPU
	EndGlobalSection
	GlobalSection(SolutionProperties) = preSolution
		HideSolutionNode = FALSE
	EndGlobalSection
	GlobalSection(ExtensibilityGlobals) = postSolution
		SolutionGuid = {A510B65D-5E5B-450B-80CB-22AAD799FB4E}
	EndGlobalSection
EndGlobal
